// !$*UTF8*$!
{
	archiveVersion = 1;
	classes = {
	};
	objectVersion = 50;
	objects = {

/* Begin PBXBuildFile section */
		14B367DB217D677700F4CD50 /* AppDelegate.m in Sources */ = {isa = PBXBuildFile; fileRef = 14B367DA217D677700F4CD50 /* AppDelegate.m */; };
		14B367DE217D677700F4CD50 /* ViewController.m in Sources */ = {isa = PBXBuildFile; fileRef = 14B367DD217D677700F4CD50 /* ViewController.m */; };
		14B367E1217D677700F4CD50 /* Main.storyboard in Resources */ = {isa = PBXBuildFile; fileRef = 14B367DF217D677700F4CD50 /* Main.storyboard */; };
		14B367E3217D677900F4CD50 /* Assets.xcassets in Resources */ = {isa = PBXBuildFile; fileRef = 14B367E2217D677900F4CD50 /* Assets.xcassets */; };
		14B367E6217D677900F4CD50 /* LaunchScreen.storyboard in Resources */ = {isa = PBXBuildFile; fileRef = 14B367E4217D677900F4CD50 /* LaunchScreen.storyboard */; };
		14B367E9217D677900F4CD50 /* main.m in Sources */ = {isa = PBXBuildFile; fileRef = 14B367E8217D677900F4CD50 /* main.m */; };
		14B367F7217D70A000F4CD50 /* UIView+CLLFrame.m in Sources */ = {isa = PBXBuildFile; fileRef = 14B367F5217D70A000F4CD50 /* UIView+CLLFrame.m */; };
		14B367FD217D70AA00F4CD50 /* CLLNavigationController.m in Sources */ = {isa = PBXBuildFile; fileRef = 14B367F9217D70AA00F4CD50 /* CLLNavigationController.m */; };
		14B367FE217D70AA00F4CD50 /* CLLBaseViewController.m in Sources */ = {isa = PBXBuildFile; fileRef = 14B367FA217D70AA00F4CD50 /* CLLBaseViewController.m */; };
		14B5041B217EF35C00030FCD /* CLLViewTool.m in Sources */ = {isa = PBXBuildFile; fileRef = 14B50419217EF35C00030FCD /* CLLViewTool.m */; };
		14B5041F217EF4AF00030FCD /* CLLVerticalContentView.m in Sources */ = {isa = PBXBuildFile; fileRef = 14B5041E217EF4AF00030FCD /* CLLVerticalContentView.m */; };
		14B50427217F15B200030FCD /* CLLHudResources.bundle in Resources */ = {isa = PBXBuildFile; fileRef = 14B50421217F15B200030FCD /* CLLHudResources.bundle */; };
		14B50428217F15B200030FCD /* CLLHud.m in Sources */ = {isa = PBXBuildFile; fileRef = 14B50422217F15B200030FCD /* CLLHud.m */; };
		14B50429217F15B200030FCD /* MBProgressHUD.m in Sources */ = {isa = PBXBuildFile; fileRef = 14B50424217F15B200030FCD /* MBProgressHUD.m */; };
		14B5042D217F17D000030FCD /* README.md in Resources */ = {isa = PBXBuildFile; fileRef = 14B5042C217F17D000030FCD /* README.md */; };
		14F7344A217ECA7B0024BA47 /* Basic.bundle in Resources */ = {isa = PBXBuildFile; fileRef = 14F73449217ECA7B0024BA47 /* Basic.bundle */; };
		8424883621902BAE003A89FA /* CLLAlbumHelper.m in Sources */ = {isa = PBXBuildFile; fileRef = 8424883421902BAE003A89FA /* CLLAlbumHelper.m */; };
		8424883F219030C2003A89FA /* CLLAlertView.m in Sources */ = {isa = PBXBuildFile; fileRef = 8424883E219030C2003A89FA /* CLLAlertView.m */; };
		8424884221903B8B003A89FA /* CLLSheetView.m in Sources */ = {isa = PBXBuildFile; fileRef = 8424884021903B8B003A89FA /* CLLSheetView.m */; };
		844C75BE218FD12F00ED64A3 /* CLLTabBarController.m in Sources */ = {isa = PBXBuildFile; fileRef = 844C75BD218FD12F00ED64A3 /* CLLTabBarController.m */; };
		845ABE302182B1100010F290 /* Basic.xcassets in Resources */ = {isa = PBXBuildFile; fileRef = 845ABE2F2182B1100010F290 /* Basic.xcassets */; };
/* End PBXBuildFile section */

/* Begin PBXFileReference section */
		14B367D6217D677700F4CD50 /* AppBasic.app */ = {isa = PBXFileReference; explicitFileType = wrapper.application; includeInIndex = 0; path = AppBasic.app; sourceTree = BUILT_PRODUCTS_DIR; };
		14B367D9217D677700F4CD50 /* AppDelegate.h */ = {isa = PBXFileReference; lastKnownFileType = sourcecode.c.h; path = AppDelegate.h; sourceTree = "<group>"; };
		14B367DA217D677700F4CD50 /* AppDelegate.m */ = {isa = PBXFileReference; lastKnownFileType = sourcecode.c.objc; path = AppDelegate.m; sourceTree = "<group>"; };
		14B367DC217D677700F4CD50 /* ViewController.h */ = {isa = PBXFileReference; lastKnownFileType = sourcecode.c.h; path = ViewController.h; sourceTree = "<group>"; };
		14B367DD217D677700F4CD50 /* ViewController.m */ = {isa = PBXFileReference; lastKnownFileType = sourcecode.c.objc; path = ViewController.m; sourceTree = "<group>"; };
		14B367E0217D677700F4CD50 /* Base */ = {isa = PBXFileReference; lastKnownFileType = file.storyboard; name = Base; path = Base.lproj/Main.storyboard; sourceTree = "<group>"; };
		14B367E2217D677900F4CD50 /* Assets.xcassets */ = {isa = PBXFileReference; lastKnownFileType = folder.assetcatalog; path = Assets.xcassets; sourceTree = "<group>"; };
		14B367E5217D677900F4CD50 /* Base */ = {isa = PBXFileReference; lastKnownFileType = file.storyboard; name = Base; path = Base.lproj/LaunchScreen.storyboard; sourceTree = "<group>"; };
		14B367E7217D677900F4CD50 /* Info.plist */ = {isa = PBXFileReference; lastKnownFileType = text.plist.xml; path = Info.plist; sourceTree = "<group>"; };
		14B367E8217D677900F4CD50 /* main.m */ = {isa = PBXFileReference; lastKnownFileType = sourcecode.c.objc; path = main.m; sourceTree = "<group>"; };
		14B367F0217D67F400F4CD50 /* CLLCommonDefinition.h */ = {isa = PBXFileReference; fileEncoding = 4; lastKnownFileType = sourcecode.c.h; path = CLLCommonDefinition.h; sourceTree = "<group>"; };
		14B367F5217D70A000F4CD50 /* UIView+CLLFrame.m */ = {isa = PBXFileReference; fileEncoding = 4; lastKnownFileType = sourcecode.c.objc; path = "UIView+CLLFrame.m"; sourceTree = "<group>"; };
		14B367F6217D70A000F4CD50 /* UIView+CLLFrame.h */ = {isa = PBXFileReference; fileEncoding = 4; lastKnownFileType = sourcecode.c.h; path = "UIView+CLLFrame.h"; sourceTree = "<group>"; };
		14B367F9217D70AA00F4CD50 /* CLLNavigationController.m */ = {isa = PBXFileReference; fileEncoding = 4; lastKnownFileType = sourcecode.c.objc; path = CLLNavigationController.m; sourceTree = "<group>"; };
		14B367FA217D70AA00F4CD50 /* CLLBaseViewController.m */ = {isa = PBXFileReference; fileEncoding = 4; lastKnownFileType = sourcecode.c.objc; path = CLLBaseViewController.m; sourceTree = "<group>"; };
		14B367FB217D70AA00F4CD50 /* CLLBaseViewController.h */ = {isa = PBXFileReference; fileEncoding = 4; lastKnownFileType = sourcecode.c.h; path = CLLBaseViewController.h; sourceTree = "<group>"; };
		14B367FC217D70AA00F4CD50 /* CLLNavigationController.h */ = {isa = PBXFileReference; fileEncoding = 4; lastKnownFileType = sourcecode.c.h; path = CLLNavigationController.h; sourceTree = "<group>"; };
		14B50419217EF35C00030FCD /* CLLViewTool.m */ = {isa = PBXFileReference; fileEncoding = 4; lastKnownFileType = sourcecode.c.objc; path = CLLViewTool.m; sourceTree = "<group>"; };
		14B5041A217EF35C00030FCD /* CLLViewTool.h */ = {isa = PBXFileReference; fileEncoding = 4; lastKnownFileType = sourcecode.c.h; path = CLLViewTool.h; sourceTree = "<group>"; };
		14B5041D217EF4AF00030FCD /* CLLVerticalContentView.h */ = {isa = PBXFileReference; fileEncoding = 4; lastKnownFileType = sourcecode.c.h; path = CLLVerticalContentView.h; sourceTree = "<group>"; };
		14B5041E217EF4AF00030FCD /* CLLVerticalContentView.m */ = {isa = PBXFileReference; fileEncoding = 4; lastKnownFileType = sourcecode.c.objc; path = CLLVerticalContentView.m; sourceTree = "<group>"; };
		14B50421217F15B200030FCD /* CLLHudResources.bundle */ = {isa = PBXFileReference; lastKnownFileType = "wrapper.plug-in"; path = CLLHudResources.bundle; sourceTree = "<group>"; };
		14B50422217F15B200030FCD /* CLLHud.m */ = {isa = PBXFileReference; fileEncoding = 4; lastKnownFileType = sourcecode.c.objc; path = CLLHud.m; sourceTree = "<group>"; };
		14B50424217F15B200030FCD /* MBProgressHUD.m */ = {isa = PBXFileReference; fileEncoding = 4; lastKnownFileType = sourcecode.c.objc; path = MBProgressHUD.m; sourceTree = "<group>"; };
		14B50425217F15B200030FCD /* MBProgressHUD.h */ = {isa = PBXFileReference; fileEncoding = 4; lastKnownFileType = sourcecode.c.h; path = MBProgressHUD.h; sourceTree = "<group>"; };
		14B50426217F15B200030FCD /* CLLHud.h */ = {isa = PBXFileReference; fileEncoding = 4; lastKnownFileType = sourcecode.c.h; path = CLLHud.h; sourceTree = "<group>"; };
		14B5042C217F17D000030FCD /* README.md */ = {isa = PBXFileReference; fileEncoding = 4; lastKnownFileType = net.daringfireball.markdown; path = README.md; sourceTree = "<group>"; };
		14F73449217ECA7B0024BA47 /* Basic.bundle */ = {isa = PBXFileReference; lastKnownFileType = "wrapper.plug-in"; path = Basic.bundle; sourceTree = "<group>"; };
		8424883421902BAE003A89FA /* CLLAlbumHelper.m */ = {isa = PBXFileReference; fileEncoding = 4; lastKnownFileType = sourcecode.c.objc; path = CLLAlbumHelper.m; sourceTree = "<group>"; };
		8424883521902BAE003A89FA /* CLLAlbumHelper.h */ = {isa = PBXFileReference; fileEncoding = 4; lastKnownFileType = sourcecode.c.h; path = CLLAlbumHelper.h; sourceTree = "<group>"; };
		8424883D219030C2003A89FA /* CLLAlertView.h */ = {isa = PBXFileReference; lastKnownFileType = sourcecode.c.h; path = CLLAlertView.h; sourceTree = "<group>"; };
		8424883E219030C2003A89FA /* CLLAlertView.m */ = {isa = PBXFileReference; lastKnownFileType = sourcecode.c.objc; path = CLLAlertView.m; sourceTree = "<group>"; };
		8424884021903B8B003A89FA /* CLLSheetView.m */ = {isa = PBXFileReference; fileEncoding = 4; lastKnownFileType = sourcecode.c.objc; path = CLLSheetView.m; sourceTree = "<group>"; };
		8424884121903B8B003A89FA /* CLLSheetView.h */ = {isa = PBXFileReference; fileEncoding = 4; lastKnownFileType = sourcecode.c.h; path = CLLSheetView.h; sourceTree = "<group>"; };
		844C75BC218FD12F00ED64A3 /* CLLTabBarController.h */ = {isa = PBXFileReference; fileEncoding = 4; lastKnownFileType = sourcecode.c.h; path = CLLTabBarController.h; sourceTree = "<group>"; };
		844C75BD218FD12F00ED64A3 /* CLLTabBarController.m */ = {isa = PBXFileReference; fileEncoding = 4; lastKnownFileType = sourcecode.c.objc; path = CLLTabBarController.m; sourceTree = "<group>"; };
		845ABE2F2182B1100010F290 /* Basic.xcassets */ = {isa = PBXFileReference; lastKnownFileType = folder.assetcatalog; path = Basic.xcassets; sourceTree = "<group>"; };
/* End PBXFileReference section */

/* Begin PBXFrameworksBuildPhase section */
		14B367D3217D677700F4CD50 /* Frameworks */ = {
			isa = PBXFrameworksBuildPhase;
			buildActionMask = 2147483647;
			files = (
			);
			runOnlyForDeploymentPostprocessing = 0;
		};
/* End PBXFrameworksBuildPhase section */

/* Begin PBXGroup section */
		14B367CD217D677700F4CD50 = {
			isa = PBXGroup;
			children = (
				14B5042C217F17D000030FCD /* README.md */,
				14B367D8217D677700F4CD50 /* AppBasic */,
				14B367D7217D677700F4CD50 /* Products */,
			);
			sourceTree = "<group>";
		};
		14B367D7217D677700F4CD50 /* Products */ = {
			isa = PBXGroup;
			children = (
				14B367D6217D677700F4CD50 /* AppBasic.app */,
			);
			name = Products;
			sourceTree = "<group>";
		};
		14B367D8217D677700F4CD50 /* AppBasic */ = {
			isa = PBXGroup;
			children = (
				14B50420217F156000030FCD /* CLLHud */,
				14B367EF217D678600F4CD50 /* Basic */,
				14B367D9217D677700F4CD50 /* AppDelegate.h */,
				14B367DA217D677700F4CD50 /* AppDelegate.m */,
				14B367DC217D677700F4CD50 /* ViewController.h */,
				14B367DD217D677700F4CD50 /* ViewController.m */,
				14B367DF217D677700F4CD50 /* Main.storyboard */,
				14B367E2217D677900F4CD50 /* Assets.xcassets */,
				14B367E4217D677900F4CD50 /* LaunchScreen.storyboard */,
				14B367E7217D677900F4CD50 /* Info.plist */,
				14B367E8217D677900F4CD50 /* main.m */,
			);
			path = AppBasic;
			sourceTree = "<group>";
		};
		14B367EF217D678600F4CD50 /* Basic */ = {
			isa = PBXGroup;
			children = (
				14B5041C217EF49A00030FCD /* View */,
				14B50418217EF35C00030FCD /* Tool */,
				14B367F8217D70AA00F4CD50 /* Controller */,
				14B367F1217D6A5400F4CD50 /* Category */,
				14B367F0217D67F400F4CD50 /* CLLCommonDefinition.h */,
				14F73449217ECA7B0024BA47 /* Basic.bundle */,
				845ABE2F2182B1100010F290 /* Basic.xcassets */,
			);
			path = Basic;
			sourceTree = "<group>";
		};
		14B367F1217D6A5400F4CD50 /* Category */ = {
			isa = PBXGroup;
			children = (
				14B367F6217D70A000F4CD50 /* UIView+CLLFrame.h */,
				14B367F5217D70A000F4CD50 /* UIView+CLLFrame.m */,
			);
			path = Category;
			sourceTree = "<group>";
		};
		14B367F8217D70AA00F4CD50 /* Controller */ = {
			isa = PBXGroup;
			children = (
				844C75BC218FD12F00ED64A3 /* CLLTabBarController.h */,
				844C75BD218FD12F00ED64A3 /* CLLTabBarController.m */,
				14B367FB217D70AA00F4CD50 /* CLLBaseViewController.h */,
				14B367FA217D70AA00F4CD50 /* CLLBaseViewController.m */,
				14B367FC217D70AA00F4CD50 /* CLLNavigationController.h */,
				14B367F9217D70AA00F4CD50 /* CLLNavigationController.m */,
			);
			path = Controller;
			sourceTree = "<group>";
		};
		14B50418217EF35C00030FCD /* Tool */ = {
			isa = PBXGroup;
			children = (
				8424883521902BAE003A89FA /* CLLAlbumHelper.h */,
				8424883421902BAE003A89FA /* CLLAlbumHelper.m */,
				14B5041A217EF35C00030FCD /* CLLViewTool.h */,
				14B50419217EF35C00030FCD /* CLLViewTool.m */,
			);
			path = Tool;
			sourceTree = "<group>";
		};
		14B5041C217EF49A00030FCD /* View */ = {
			isa = PBXGroup;
			children = (
				8424884121903B8B003A89FA /* CLLSheetView.h */,
				8424884021903B8B003A89FA /* CLLSheetView.m */,
				14B5041D217EF4AF00030FCD /* CLLVerticalContentView.h */,
				14B5041E217EF4AF00030FCD /* CLLVerticalContentView.m */,
				8424883D219030C2003A89FA /* CLLAlertView.h */,
				8424883E219030C2003A89FA /* CLLAlertView.m */,
			);
			path = View;
			sourceTree = "<group>";
		};
		14B50420217F156000030FCD /* CLLHud */ = {
			isa = PBXGroup;
			children = (
				14B50426217F15B200030FCD /* CLLHud.h */,
				14B50422217F15B200030FCD /* CLLHud.m */,
				14B50421217F15B200030FCD /* CLLHudResources.bundle */,
				14B50423217F15B200030FCD /* MB */,
			);
			path = CLLHud;
			sourceTree = "<group>";
		};
		14B50423217F15B200030FCD /* MB */ = {
			isa = PBXGroup;
			children = (
				14B50425217F15B200030FCD /* MBProgressHUD.h */,
				14B50424217F15B200030FCD /* MBProgressHUD.m */,
			);
			path = MB;
			sourceTree = "<group>";
		};
/* End PBXGroup section */

/* Begin PBXNativeTarget section */
		14B367D5217D677700F4CD50 /* AppBasic */ = {
			isa = PBXNativeTarget;
			buildConfigurationList = 14B367EC217D677900F4CD50 /* Build configuration list for PBXNativeTarget "AppBasic" */;
			buildPhases = (
				14B367D2217D677700F4CD50 /* Sources */,
				14B367D3217D677700F4CD50 /* Frameworks */,
				14B367D4217D677700F4CD50 /* Resources */,
			);
			buildRules = (
			);
			dependencies = (
			);
			name = AppBasic;
			productName = AppBasic;
			productReference = 14B367D6217D677700F4CD50 /* AppBasic.app */;
			productType = "com.apple.product-type.application";
		};
/* End PBXNativeTarget section */

/* Begin PBXProject section */
		14B367CE217D677700F4CD50 /* Project object */ = {
			isa = PBXProject;
			attributes = {
				LastUpgradeCheck = 0930;
				ORGANIZATIONNAME = leocll;
				TargetAttributes = {
					14B367D5217D677700F4CD50 = {
						CreatedOnToolsVersion = 9.3;
					};
				};
			};
			buildConfigurationList = 14B367D1217D677700F4CD50 /* Build configuration list for PBXProject "AppBasic" */;
			compatibilityVersion = "Xcode 9.3";
			developmentRegion = en;
			hasScannedForEncodings = 0;
			knownRegions = (
				en,
				Base,
			);
			mainGroup = 14B367CD217D677700F4CD50;
			productRefGroup = 14B367D7217D677700F4CD50 /* Products */;
			projectDirPath = "";
			projectRoot = "";
			targets = (
				14B367D5217D677700F4CD50 /* AppBasic */,
			);
		};
/* End PBXProject section */

/* Begin PBXResourcesBuildPhase section */
		14B367D4217D677700F4CD50 /* Resources */ = {
			isa = PBXResourcesBuildPhase;
			buildActionMask = 2147483647;
			files = (
				14B367E6217D677900F4CD50 /* LaunchScreen.storyboard in Resources */,
				845ABE302182B1100010F290 /* Basic.xcassets in Resources */,
				14B367E3217D677900F4CD50 /* Assets.xcassets in Resources */,
				14F7344A217ECA7B0024BA47 /* Basic.bundle in Resources */,
				14B5042D217F17D000030FCD /* README.md in Resources */,
				14B367E1217D677700F4CD50 /* Main.storyboard in Resources */,
				14B50427217F15B200030FCD /* CLLHudResources.bundle in Resources */,
			);
			runOnlyForDeploymentPostprocessing = 0;
		};
/* End PBXResourcesBuildPhase section */

/* Begin PBXSourcesBuildPhase section */
		14B367D2217D677700F4CD50 /* Sources */ = {
			isa = PBXSourcesBuildPhase;
			buildActionMask = 2147483647;
			files = (
				14B367DE217D677700F4CD50 /* ViewController.m in Sources */,
				14B5041B217EF35C00030FCD /* CLLViewTool.m in Sources */,
				8424883F219030C2003A89FA /* CLLAlertView.m in Sources */,
				8424883621902BAE003A89FA /* CLLAlbumHelper.m in Sources */,
				14B367E9217D677900F4CD50 /* main.m in Sources */,
				8424884221903B8B003A89FA /* CLLSheetView.m in Sources */,
				14B367F7217D70A000F4CD50 /* UIView+CLLFrame.m in Sources */,
				14B50428217F15B200030FCD /* CLLHud.m in Sources */,
				844C75BE218FD12F00ED64A3 /* CLLTabBarController.m in Sources */,
				14B367FD217D70AA00F4CD50 /* CLLNavigationController.m in Sources */,
				14B367FE217D70AA00F4CD50 /* CLLBaseViewController.m in Sources */,
				14B5041F217EF4AF00030FCD /* CLLVerticalContentView.m in Sources */,
				14B367DB217D677700F4CD50 /* AppDelegate.m in Sources */,
				14B50429217F15B200030FCD /* MBProgressHUD.m in Sources */,
			);
			runOnlyForDeploymentPostprocessing = 0;
		};
/* End PBXSourcesBuildPhase section */

/* Begin PBXVariantGroup section */
		14B367DF217D677700F4CD50 /* Main.storyboard */ = {
			isa = PBXVariantGroup;
			children = (
				14B367E0217D677700F4CD50 /* Base */,
			);
			name = Main.storyboard;
			sourceTree = "<group>";
		};
		14B367E4217D677900F4CD50 /* LaunchScreen.storyboard */ = {
			isa = PBXVariantGroup;
			children = (
				14B367E5217D677900F4CD50 /* Base */,
			);
			name = LaunchScreen.storyboard;
			sourceTree = "<group>";
		};
/* End PBXVariantGroup section */

/* Begin XCBuildConfiguration section */
		14B367EA217D677900F4CD50 /* Debug */ = {
			isa = XCBuildConfiguration;
			buildSettings = {
				ALWAYS_SEARCH_USER_PATHS = NO;
				CLANG_ANALYZER_NONNULL = YES;
				CLANG_ANALYZER_NUMBER_OBJECT_CONVERSION = YES_AGGRESSIVE;
				CLANG_CXX_LANGUAGE_STANDARD = "gnu++14";
				CLANG_CXX_LIBRARY = "libc++";
				CLANG_ENABLE_MODULES = YES;
				CLANG_ENABLE_OBJC_ARC = YES;
				CLANG_ENABLE_OBJC_WEAK = YES;
				CLANG_WARN_BLOCK_CAPTURE_AUTORELEASING = YES;
				CLANG_WARN_BOOL_CONVERSION = YES;
				CLANG_WARN_COMMA = YES;
				CLANG_WARN_CONSTANT_CONVERSION = YES;
				CLANG_WARN_DEPRECATED_OBJC_IMPLEMENTATIONS = YES;
				CLANG_WARN_DIRECT_OBJC_ISA_USAGE = YES_ERROR;
				CLANG_WARN_DOCUMENTATION_COMMENTS = YES;
				CLANG_WARN_EMPTY_BODY = YES;
				CLANG_WARN_ENUM_CONVERSION = YES;
				CLANG_WARN_INFINITE_RECURSION = YES;
				CLANG_WARN_INT_CONVERSION = YES;
				CLANG_WARN_NON_LITERAL_NULL_CONVERSION = YES;
				CLANG_WARN_OBJC_IMPLICIT_RETAIN_SELF = YES;
				CLANG_WARN_OBJC_LITERAL_CONVERSION = YES;
				CLANG_WARN_OBJC_ROOT_CLASS = YES_ERROR;
				CLANG_WARN_RANGE_LOOP_ANALYSIS = YES;
				CLANG_WARN_STRICT_PROTOTYPES = YES;
				CLANG_WARN_SUSPICIOUS_MOVE = YES;
				CLANG_WARN_UNGUARDED_AVAILABILITY = YES_AGGRESSIVE;
				CLANG_WARN_UNREACHABLE_CODE = YES;
				CLANG_WARN__DUPLICATE_METHOD_MATCH = YES;
				CODE_SIGN_IDENTITY = "iPhone Developer";
				COPY_PHASE_STRIP = NO;
				DEBUG_INFORMATION_FORMAT = dwarf;
				ENABLE_STRICT_OBJC_MSGSEND = YES;
				ENABLE_TESTABILITY = YES;
				GCC_C_LANGUAGE_STANDARD = gnu11;
				GCC_DYNAMIC_NO_PIC = NO;
				GCC_NO_COMMON_BLOCKS = YES;
				GCC_OPTIMIZATION_LEVEL = 0;
				GCC_PREPROCESSOR_DEFINITIONS = (
					"DEBUG=1",
					"$(inherited)",
				);
				GCC_WARN_64_TO_32_BIT_CONVERSION = YES;
				GCC_WARN_ABOUT_RETURN_TYPE = YES_ERROR;
				GCC_WARN_UNDECLARED_SELECTOR = YES;
				GCC_WARN_UNINITIALIZED_AUTOS = YES_AGGRESSIVE;
				GCC_WARN_UNUSED_FUNCTION = YES;
				GCC_WARN_UNUSED_VARIABLE = YES;
				IPHONEOS_DEPLOYMENT_TARGET = 11.3;
				MTL_ENABLE_DEBUG_INFO = YES;
				ONLY_ACTIVE_ARCH = YES;
				SDKROOT = iphoneos;
			};
			name = Debug;
		};
		14B367EB217D677900F4CD50 /* Release */ = {
			isa = XCBuildConfiguration;
			buildSettings = {
				ALWAYS_SEARCH_USER_PATHS = NO;
				CLANG_ANALYZER_NONNULL = YES;
				CLANG_ANALYZER_NUMBER_OBJECT_CONVERSION = YES_AGGRESSIVE;
				CLANG_CXX_LANGUAGE_STANDARD = "gnu++14";
				CLANG_CXX_LIBRARY = "libc++";
				CLANG_ENABLE_MODULES = YES;
				CLANG_ENABLE_OBJC_ARC = YES;
				CLANG_ENABLE_OBJC_WEAK = YES;
				CLANG_WARN_BLOCK_CAPTURE_AUTORELEASING = YES;
				CLANG_WARN_BOOL_CONVERSION = YES;
				CLANG_WARN_COMMA = YES;
				CLANG_WARN_CONSTANT_CONVERSION = YES;
				CLANG_WARN_DEPRECATED_OBJC_IMPLEMENTATIONS = YES;
				CLANG_WARN_DIRECT_OBJC_ISA_USAGE = YES_ERROR;
				CLANG_WARN_DOCUMENTATION_COMMENTS = YES;
				CLANG_WARN_EMPTY_BODY = YES;
				CLANG_WARN_ENUM_CONVERSION = YES;
				CLANG_WARN_INFINITE_RECURSION = YES;
				CLANG_WARN_INT_CONVERSION = YES;
				CLANG_WARN_NON_LITERAL_NULL_CONVERSION = YES;
				CLANG_WARN_OBJC_IMPLICIT_RETAIN_SELF = YES;
				CLANG_WARN_OBJC_LITERAL_CONVERSION = YES;
				CLANG_WARN_OBJC_ROOT_CLASS = YES_ERROR;
				CLANG_WARN_RANGE_LOOP_ANALYSIS = YES;
				CLANG_WARN_STRICT_PROTOTYPES = YES;
				CLANG_WARN_SUSPICIOUS_MOVE = YES;
				CLANG_WARN_UNGUARDED_AVAILABILITY = YES_AGGRESSIVE;
				CLANG_WARN_UNREACHABLE_CODE = YES;
				CLANG_WARN__DUPLICATE_METHOD_MATCH = YES;
				CODE_SIGN_IDENTITY = "iPhone Developer";
				COPY_PHASE_STRIP = NO;
				DEBUG_INFORMATION_FORMAT = "dwarf-with-dsym";
				ENABLE_NS_ASSERTIONS = NO;
				ENABLE_STRICT_OBJC_MSGSEND = YES;
				GCC_C_LANGUAGE_STANDARD = gnu11;
				GCC_NO_COMMON_BLOCKS = YES;
				GCC_WARN_64_TO_32_BIT_CONVERSION = YES;
				GCC_WARN_ABOUT_RETURN_TYPE = YES_ERROR;
				GCC_WARN_UNDECLARED_SELECTOR = YES;
				GCC_WARN_UNINITIALIZED_AUTOS = YES_AGGRESSIVE;
				GCC_WARN_UNUSED_FUNCTION = YES;
				GCC_WARN_UNUSED_VARIABLE = YES;
				IPHONEOS_DEPLOYMENT_TARGET = 11.3;
				MTL_ENABLE_DEBUG_INFO = NO;
				SDKROOT = iphoneos;
				VALIDATE_PRODUCT = YES;
			};
			name = Release;
		};
		14B367ED217D677900F4CD50 /* Debug */ = {
			isa = XCBuildConfiguration;
			buildSettings = {
				ASSETCATALOG_COMPILER_APPICON_NAME = AppIcon;
				CODE_SIGN_STYLE = Automatic;
				DEVELOPMENT_TEAM = MVG4E39EBK;
				INFOPLIST_FILE = AppBasic/Info.plist;
				LD_RUNPATH_SEARCH_PATHS = (
					"$(inherited)",
					"@executable_path/Frameworks",
				);
				PRODUCT_BUNDLE_IDENTIFIER = leocll.AppBasic;
				PRODUCT_NAME = "$(TARGET_NAME)";
				TARGETED_DEVICE_FAMILY = "1,2";
			};
			name = Debug;
		};
		14B367EE217D677900F4CD50 /* Release */ = {
			isa = XCBuildConfiguration;
			buildSettings = {
				ASSETCATALOG_COMPILER_APPICON_NAME = AppIcon;
				CODE_SIGN_STYLE = Automatic;
				DEVELOPMENT_TEAM = MVG4E39EBK;
				INFOPLIST_FILE = AppBasic/Info.plist;
				LD_RUNPATH_SEARCH_PATHS = (
					"$(inherited)",
					"@executable_path/Frameworks",
				);
				PRODUCT_BUNDLE_IDENTIFIER = leocll.AppBasic;
				PRODUCT_NAME = "$(TARGET_NAME)";
				TARGETED_DEVICE_FAMILY = "1,2";
			};
			name = Release;
		};
/* End XCBuildConfiguration section */

/* Begin XCConfigurationList section */
		14B367D1217D677700F4CD50 /* Build configuration list for PBXProject "AppBasic" */ = {
			isa = XCConfigurationList;
			buildConfigurations = (
				14B367EA217D677900F4CD50 /* Debug */,
				14B367EB217D677900F4CD50 /* Release */,
			);
			defaultConfigurationIsVisible = 0;
			defaultConfigurationName = Release;
		};
		14B367EC217D677900F4CD50 /* Build configuration list for PBXNativeTarget "AppBasic" */ = {
			isa = XCConfigurationList;
			buildConfigurations = (
				14B367ED217D677900F4CD50 /* Debug */,
				14B367EE217D677900F4CD50 /* Release */,
			);
			defaultConfigurationIsVisible = 0;
			defaultConfigurationName = Release;
		};
/* End XCConfigurationList section */
	};
	rootObject = 14B367CE217D677700F4CD50 /* Project object */;
}
